
Microsoft Visual Studio Solution File, Format Version 12.00
# Visual Studio Version 17
VisualStudioVersion = 17.13.35507.96 d17.13
MinimumVisualStudioVersion = 10.0.40219.1
Project("{FAE04EC0-301F-11D3-BF4B-00C04F79EFBC}") = "parser", "parser\parser.csproj", "{080DBA67-DDE9-48E9-A01E-63650CEE84A8}"
EndProject
Global
	GlobalSection(SolutionConfigurationPlatforms) = preSolution
		Debug|Any CPU = Debug|Any CPU
		Release|Any CPU = Release|Any CPU
	EndGlobalSection
	GlobalSection(ProjectConfigurationPlatforms) = postSolution
		{080DBA67-DDE9-48E9-A01E-63650CEE84A8}.Debug|Any CPU.ActiveCfg = Debug|Any CPU
		{080DBA67-DDE9-48E9-A01E-63650CEE84A8}.Debug|Any CPU.Build.0 = Debug|Any CPU
		{080DBA67-DDE9-48E9-A01E-63650CEE84A8}.Release|Any CPU.ActiveCfg = Release|Any CPU
		{080DBA67-DDE9-48E9-A01E-63650CEE84A8}.Release|Any CPU.Build.0 = Release|Any CPU
	EndGlobalSection
	GlobalSection(SolutionProperties) = preSolution
		HideSolutionNode = FALSE
	EndGlobalSection
	GlobalSection(ExtensibilityGlobals) = postSolution
		SolutionGuid = {C834DC3E-1F5D-438F-A8DA-83C8ECCFE51F}
	EndGlobalSection
EndGlobal
